
Microsoft Visual Studio Solution File, Format Version 12.00
# Visual Studio Version 17
VisualStudioVersion = 17.9.34728.123
MinimumVisualStudioVersion = 10.0.40219.1
Project("{9A19103F-16F7-4668-BE54-9A1E7A4F7556}") = "Task1", "Task1\Task1.csproj", "{55629FFC-ACB6-4D1A-B820-030FAC2A06E7}"
EndProject
Project("{9A19103F-16F7-4668-BE54-9A1E7A4F7556}") = "Task2", "Task2\Task2.csproj", "{98B0A2DA-BFD5-4AAF-A7C9-8E1EDD91C60C}"
EndProject
Project("{9A19103F-16F7-4668-BE54-9A1E7A4F7556}") = "Task3", "Task3\Task3.csproj", "{8B49C06F-70D5-4DDC-A131-9A5B28A331F1}"
EndProject
Global
	GlobalSection(SolutionConfigurationPlatforms) = preSolution
		Debug|Any CPU = Debug|Any CPU
		Release|Any CPU = Release|Any CPU
	EndGlobalSection
	GlobalSection(ProjectConfigurationPlatforms) = postSolution
		{55629FFC-ACB6-4D1A-B820-030FAC2A06E7}.Debug|Any CPU.ActiveCfg = Debug|Any CPU
		{55629FFC-ACB6-4D1A-B820-030FAC2A06E7}.Debug|Any CPU.Build.0 = Debug|Any CPU
		{55629FFC-ACB6-4D1A-B820-030FAC2A06E7}.Release|Any CPU.ActiveCfg = Release|Any CPU
		{55629FFC-ACB6-4D1A-B820-030FAC2A06E7}.Release|Any CPU.Build.0 = Release|Any CPU
		{98B0A2DA-BFD5-4AAF-A7C9-8E1EDD91C60C}.Debug|Any CPU.ActiveCfg = Debug|Any CPU
		{98B0A2DA-BFD5-4AAF-A7C9-8E1EDD91C60C}.Debug|Any CPU.Build.0 = Debug|Any CPU
		{98B0A2DA-BFD5-4AAF-A7C9-8E1EDD91C60C}.Release|Any CPU.ActiveCfg = Release|Any CPU
		{98B0A2DA-BFD5-4AAF-A7C9-8E1EDD91C60C}.Release|Any CPU.Build.0 = Release|Any CPU
		{8B49C06F-70D5-4DDC-A131-9A5B28A331F1}.Debug|Any CPU.ActiveCfg = Debug|Any CPU
		{8B49C06F-70D5-4DDC-A131-9A5B28A331F1}.Debug|Any CPU.Build.0 = Debug|Any CPU
		{8B49C06F-70D5-4DDC-A131-9A5B28A331F1}.Release|Any CPU.ActiveCfg = Release|Any CPU
		{8B49C06F-70D5-4DDC-A131-9A5B28A331F1}.Release|Any CPU.Build.0 = Release|Any CPU
	EndGlobalSection
	GlobalSection(SolutionProperties) = preSolution
		HideSolutionNode = FALSE
	EndGlobalSection
	GlobalSection(ExtensibilityGlobals) = postSolution
		SolutionGuid = {FBD912C1-6437-42B3-A397-A488CE949A90}
	EndGlobalSection
EndGlobal
